
Microsoft Visual Studio Solution File, Format Version 12.00
# Visual Studio Version 16
VisualStudioVersion = 16.0.29409.12
MinimumVisualStudioVersion = 10.0.40219.1
Project("{888888A0-9F3D-457C-B088-3A5042F75D52}") = "Kantayain_culclation_project", "Kantayain_culclation_project.pyproj", "{1BC15F57-9098-4A61-8068-79644F18A6FA}"
EndProject
Global
	GlobalSection(SolutionConfigurationPlatforms) = preSolution
		Debug|Any CPU = Debug|Any CPU
		Release|Any CPU = Release|Any CPU
	EndGlobalSection
	GlobalSection(ProjectConfigurationPlatforms) = postSolution
		{1BC15F57-9098-4A61-8068-79644F18A6FA}.Debug|Any CPU.ActiveCfg = Debug|Any CPU
		{1BC15F57-9098-4A61-8068-79644F18A6FA}.Release|Any CPU.ActiveCfg = Release|Any CPU
	EndGlobalSection
	GlobalSection(SolutionProperties) = preSolution
		HideSolutionNode = FALSE
	EndGlobalSection
	GlobalSection(ExtensibilityGlobals) = postSolution
		SolutionGuid = {90139A1D-6AD1-422B-A057-75ADF75348A9}
	EndGlobalSection
EndGlobal
