
Microsoft Visual Studio Solution File, Format Version 12.00
# Visual Studio Version 16
VisualStudioVersion = 16.0.29409.12
MinimumVisualStudioVersion = 10.0.40219.1
Project("{888888A0-9F3D-457C-B088-3A5042F75D52}") = "Python_hour_7", "Python_hour_7.pyproj", "{9E094426-9323-4A33-9030-F3C42EC39C36}"
EndProject
Global
	GlobalSection(SolutionConfigurationPlatforms) = preSolution
		Debug|Any CPU = Debug|Any CPU
		Release|Any CPU = Release|Any CPU
	EndGlobalSection
	GlobalSection(ProjectConfigurationPlatforms) = postSolution
		{9E094426-9323-4A33-9030-F3C42EC39C36}.Debug|Any CPU.ActiveCfg = Debug|Any CPU
		{9E094426-9323-4A33-9030-F3C42EC39C36}.Release|Any CPU.ActiveCfg = Release|Any CPU
	EndGlobalSection
	GlobalSection(SolutionProperties) = preSolution
		HideSolutionNode = FALSE
	EndGlobalSection
	GlobalSection(ExtensibilityGlobals) = postSolution
		SolutionGuid = {3464BA93-9B57-4695-97AA-7F8E4C9FC715}
	EndGlobalSection
EndGlobal
