
Microsoft Visual Studio Solution File, Format Version 12.00
# Visual Studio Version 16
VisualStudioVersion = 16.0.29409.12
MinimumVisualStudioVersion = 10.0.40219.1
Project("{888888A0-9F3D-457C-B088-3A5042F75D52}") = "ArmyProjectKantaynCalculations", "ArmyProjectKantaynCalculations.pyproj", "{4EB19CF7-AD37-475F-8415-4708382AF2F2}"
EndProject
Global
	GlobalSection(SolutionConfigurationPlatforms) = preSolution
		Debug|Any CPU = Debug|Any CPU
		Release|Any CPU = Release|Any CPU
	EndGlobalSection
	GlobalSection(ProjectConfigurationPlatforms) = postSolution
		{4EB19CF7-AD37-475F-8415-4708382AF2F2}.Debug|Any CPU.ActiveCfg = Debug|Any CPU
		{4EB19CF7-AD37-475F-8415-4708382AF2F2}.Release|Any CPU.ActiveCfg = Release|Any CPU
	EndGlobalSection
	GlobalSection(SolutionProperties) = preSolution
		HideSolutionNode = FALSE
	EndGlobalSection
	GlobalSection(ExtensibilityGlobals) = postSolution
		SolutionGuid = {0FB2A822-8AC9-4717-8484-37CF46D4B719}
	EndGlobalSection
EndGlobal
